[[package]]
name = "defusedxml"
version = "0.7.1"
description = "XML bomb protection for Python stdlib modules"
category = "main"
optional = false
python-versions = ">=2.7, !=3.0.*, !=3.1.*, !=3.2.*, !=3.3.*, !=3.4.*"

[[package]]
name = "frozendict"
version = "2.1.2"
description = "A simple immutable dictionary"
category = "main"
optional = false
python-versions = ">=3.6"

[[package]]
name = "mock"
version = "4.0.3"
description = "Rolling backport of unittest.mock for all Pythons"
category = "dev"
optional = false
python-versions = ">=3.6"

[package.extras]
build = ["twine", "wheel", "blurb"]
docs = ["sphinx"]
test = ["pytest (<5.4)", "pytest-cov"]

[[package]]
name = "parserutils"
version = "2.0.1"
description = "A collection of performant parsing utilities"
category = "main"
optional = false
python-versions = ">=3.6,<4.0"

[package.dependencies]
defusedxml = ">=0.7.1,<0.8.0"
python-dateutil = ">=2.8.2,<3.0.0"

[[package]]
name = "pipdeptree"
version = "2.2.0"
description = "Command line utility to show dependency tree of packages"
category = "dev"
optional = false
python-versions = ">=2.7,!=3.0.*,!=3.1.*,!=3.2.*,!=3.3.*"

[package.extras]
graphviz = ["graphviz"]

[[package]]
name = "python-dateutil"
version = "2.8.2"
description = "Extensions to the standard Python datetime module"
category = "main"
optional = false
python-versions = "!=3.0.*,!=3.1.*,!=3.2.*,>=2.7"

[package.dependencies]
six = ">=1.5"

[[package]]
name = "six"
version = "1.16.0"
description = "Python 2 and 3 compatibility utilities"
category = "main"
optional = false
python-versions = ">=2.7, !=3.0.*, !=3.1.*, !=3.2.*"

[metadata]
lock-version = "1.1"
python-versions = "^3.6"
content-hash = "1f23dcbcdbe374f021649194134cc936d575bd924d115b583a8e0ad1c7e4efb6"

[metadata.files]
defusedxml = [
    {file = "defusedxml-0.7.1-py2.py3-none-any.whl", hash = "sha256:a352e7e428770286cc899e2542b6cdaedb2b4953ff269a210103ec58f6198a61"},
    {file = "defusedxml-0.7.1.tar.gz", hash = "sha256:1bb3032db185915b62d7c6209c5a8792be6a32ab2fedacc84e01b52c51aa3e69"},
]
frozendict = [
    {file = "frozendict-2.1.2-cp310-cp310-macosx_10_9_x86_64.whl", hash = "sha256:3cbb8bd5ddbdd1db1caa670586b50f9e665e60b1c095add5aa04d9e2bedf5f00"},
    {file = "frozendict-2.1.2-cp310-cp310-manylinux_2_17_x86_64.manylinux2014_x86_64.whl", hash = "sha256:513a3f3a8ff2767492570c78c158845a1cc7b4c954fc9f78ed313b2463727cae"},
    {file = "frozendict-2.1.2-cp36-cp36m-macosx_10_9_x86_64.whl", hash = "sha256:3b4ac7aafd613959a055818c3e9844822196c874b9c8bf118b6c1419ff1fbbdc"},
    {file = "frozendict-2.1.2-cp36-cp36m-manylinux_2_17_x86_64.manylinux2014_x86_64.whl", hash = "sha256:bb1ebca998c68c3bf28ce70f14a392431bbe01bfa610e3e9e635176d9ecbba71"},
    {file = "frozendict-2.1.2-cp37-cp37m-macosx_10_9_x86_64.whl", hash = "sha256:c0e09b7159fee7c6dafd727dec2ea7a135f47458dd3996705f9a64e3fca3bf73"},
    {file = "frozendict-2.1.2-cp37-cp37m-manylinux_2_17_x86_64.manylinux2014_x86_64.whl", hash = "sha256:79666516d594ced95a294869988dba2daff89d9d274061f7138e1c49e49428ce"},
    {file = "frozendict-2.1.2-cp38-cp38-macosx_10_9_x86_64.whl", hash = "sha256:3cdc8602e398d28887484226a493ae6e96ff3532b4368d4d49ab96c5ee7eb61d"},
    {file = "frozendict-2.1.2-cp38-cp38-manylinux_2_17_x86_64.manylinux2014_x86_64.whl", hash = "sha256:2cfe6d89d2af7b97726a5f789d73b5298eb067a9348a8cc8f0834fdc5349b125"},
    {file = "frozendict-2.1.2-cp39-cp39-macosx_10_9_x86_64.whl", hash = "sha256:afaaa4fc0343af15f1153d9e09660f6c388ab1d6d01147bbd7f7979e723258df"},
    {file = "frozendict-2.1.2-cp39-cp39-manylinux_2_17_x86_64.manylinux2014_x86_64.whl", hash = "sha256:f45f7a724e93653f0d446e0cc99e09bda4835f16de08eb1de3b007537e18daa1"},
    {file = "frozendict-2.1.2-py3-none-any.whl", hash = "sha256:a0650a673ce6e320e8b25a38f4620f42382c081b2088051c81073a67f14bac32"},
    {file = "frozendict-2.1.2.tar.gz", hash = "sha256:2eb92fbe8dde37075ed0e5dd3dac88a850a04ccfc646d20f3412b72220ddbaf2"},
]
mock = [
    {file = "mock-4.0.3-py3-none-any.whl", hash = "sha256:122fcb64ee37cfad5b3f48d7a7d51875d7031aaf3d8be7c42e2bee25044eee62"},
    {file = "mock-4.0.3.tar.gz", hash = "sha256:7d3fbbde18228f4ff2f1f119a45cdffa458b4c0dee32eb4d2bb2f82554bac7bc"},
]
parserutils = [
    {file = "parserutils-2.0.1-py3-none-any.whl", hash = "sha256:19fd3086fd360b3b53322400a236baebcd8109f0483f7c6396f4855e5d3515b1"},
    {file = "parserutils-2.0.1.tar.gz", hash = "sha256:f927e69779d81db508db98e6e8ec331f90ff31ff2868161d1cce30fffe92bec3"},
]
pipdeptree = [
    {file = "pipdeptree-2.2.0-py2-none-any.whl", hash = "sha256:e31bcb4db905fe3df15e7c41bc015a3587ef4bafdd5119b011aae32948c4a371"},
    {file = "pipdeptree-2.2.0-py3-none-any.whl", hash = "sha256:95fb603e46343651342583c337a0ee68d3ccade7a81f5cf6b2fbd8151b79ed80"},
    {file = "pipdeptree-2.2.0.tar.gz", hash = "sha256:21a89e77d6eae635685e8af5ecd56561f092f8216bb290e7ae5362885d611f60"},
]
python-dateutil = [
    {file = "python-dateutil-2.8.2.tar.gz", hash = "sha256:0123cacc1627ae19ddf3c27a5de5bd67ee4586fbdd6440d9748f8abb483d3e86"},
    {file = "python_dateutil-2.8.2-py2.py3-none-any.whl", hash = "sha256:961d03dc3453ebbc59dbdea9e4e11c5651520a876d0f4db161e8674aae935da9"},
]
six = [
    {file = "six-1.16.0-py2.py3-none-any.whl", hash = "sha256:8abb2f1d86890a2dfb989f9a77cfcfd3e47c2a354b01111771326f8aa26e0254"},
    {file = "six-1.16.0.tar.gz", hash = "sha256:1e61c37477a1626458e36f7b1d82aa5c9b094fa4802892072e49de9c60c4c926"},
]
